{
  "name": "vtpl-express",
  "version": "1.0.1",
  "lockfileVersion": 1,
  "requires": true,
  "dependencies": {
    "valley-tpl": {
      "version": "1.1.0",
      "resolved": "https://registry.npmjs.org/valley-tpl/-/valley-tpl-1.1.0.tgz",
      "integrity": "sha512-V7j9WqsZAf1bgbszUz23If0H5C/aG676JnrLOxVBzvDE5EX9QopRit3m/WIA5pHJlCynNk5Jui5PN0kVRFHkew=="
    }
  }
}
