{
  "name": "vtpl-express",
  "version": "1.0.6",
  "lockfileVersion": 1,
  "requires": true,
  "dependencies": {
    "valley-tpl": {
      "version": "1.1.2",
      "resolved": "https://registry.npmjs.org/valley-tpl/-/valley-tpl-1.1.2.tgz",
      "integrity": "sha512-FdKW+xDNpF4b+5ghvaMfJzPkedh6Gg6eDG86fT7ge5QMgLLXW4/NlxJ7CFQ9PjyF97f5E0iUJuZU701Konf4Fw=="
    }
  }
}
